Microsoft Visual Studio Solution File, Format Version 11.00
# Visual Studio 2008

Project("{9094E49A-3489-8DD4-40EE-9D3FCE8C5D0B}") = "PongDemo", "Assembly-CSharp-firstpass-vs.csproj", "{48EEAF65-7069-E07D-AA3D-8CFE18A54FE8}"
EndProject
Project("{9094E49A-3489-8DD4-40EE-9D3FCE8C5D0B}") = "PongDemo", "Assembly-CSharp-vs.csproj", "{A85702C7-3FE7-91E3-81A6-70E6D551DE72}"
EndProject
Global
	GlobalSection(SolutionConfigurationPlatforms) = preSolution
		Debug|Any CPU = Debug|Any CPU
		Release|Any CPU = Release|Any CPU
	EndGlobalSection
	GlobalSection(ProjectConfigurationPlatforms) = postSolution
		{48EEAF65-7069-E07D-AA3D-8CFE18A54FE8}.Debug|Any CPU.ActiveCfg = Debug|Any CPU
		{48EEAF65-7069-E07D-AA3D-8CFE18A54FE8}.Debug|Any CPU.Build.0 = Debug|Any CPU
		{48EEAF65-7069-E07D-AA3D-8CFE18A54FE8}.Release|Any CPU.ActiveCfg = Release|Any CPU
		{48EEAF65-7069-E07D-AA3D-8CFE18A54FE8}.Release|Any CPU.Build.0 = Release|Any CPU
		{A85702C7-3FE7-91E3-81A6-70E6D551DE72}.Debug|Any CPU.ActiveCfg = Debug|Any CPU
		{A85702C7-3FE7-91E3-81A6-70E6D551DE72}.Debug|Any CPU.Build.0 = Debug|Any CPU
		{A85702C7-3FE7-91E3-81A6-70E6D551DE72}.Release|Any CPU.ActiveCfg = Release|Any CPU
		{A85702C7-3FE7-91E3-81A6-70E6D551DE72}.Release|Any CPU.Build.0 = Release|Any CPU
	EndGlobalSection
	GlobalSection(SolutionProperties) = preSolution
		HideSolutionNode = FALSE
	EndGlobalSection
																														GlobalSection(MonoDevelopProperties) = preSolution
		StartupItem = Assembly-CSharp.csproj
		Policies = $0
		$0.TextStylePolicy = $1
		$1.inheritsSet = null
		$1.scope = text/x-csharp
		$0.CSharpFormattingPolicy = $2
		$2.inheritsSet = Mono
		$2.inheritsScope = text/x-csharp
		$2.scope = text/x-csharp
		$0.TextStylePolicy = $3
		$3.FileWidth = 120
		$3.TabWidth = 4
		$3.EolMarker = Unix
		$3.inheritsSet = Mono
		$3.inheritsScope = text/plain
		$3.scope = text/plain
	EndGlobalSection

EndGlobal
